{
    "_readme": [
        "This file locks the dependencies of your project to a known state",
        "Read more about it at https://getcomposer.org/doc/01-basic-usage.md#installing-dependencies",
        "This file is @generated automatically"
    ],
    "content-hash": "ac1fce662ae83f1184a750e2016d6e8b",
    "packages": [
        {
            "name": "dvdoug/boxpacker",
            "version": "4.2.0",
            "source": {
                "type": "git",
                "url": "https://github.com/dvdoug/BoxPacker.git",
                "reference": "4fa822e71109095212a499572822c07bdb7228eb"
            },
            "dist": {
                "type": "zip",
                "url": "https://api.github.com/repos/dvdoug/BoxPacker/zipball/4fa822e71109095212a499572822c07bdb7228eb",
                "reference": "4fa822e71109095212a499572822c07bdb7228eb",
                "shasum": ""
            },
            "require": {
                "ext-json": "*",
                "php": "^8.2",
                "psr/log": "^1.0||^2.0||^3.0"
            },
            "require-dev": {
                "behat/behat": "^3.27",
                "dvdoug/behat-code-coverage": "^5.3",
                "friendsofphp/php-cs-fixer": "^3.93.1",
                "monolog/monolog": "^3.9",
                "phpunit/phpunit": "^11.5.44||^12.4.4"
            },
            "type": "library",
            "extra": {
                "branch-alias": {
                    "dev-master": "4.x-dev"
                }
            },
            "autoload": {
                "psr-4": {
                    "DVDoug\\BoxPacker\\": [
                        "src/",
                        "tests/"
                    ]
                }
            },
            "notification-url": "https://packagist.org/downloads/",
            "license": [
                "MIT"
            ],
            "authors": [
                {
                    "name": "Doug Wright",
                    "role": "Developer"
                }
            ],
            "description": "An implementation of the 3D (actually 4D) bin packing/knapsack problem (aka creating parcels by putting items into boxes)",
            "homepage": "https://boxpacker.io/",
            "keywords": [
                "bin packing",
                "binpacking",
                "box",
                "boxes",
                "boxpacking",
                "container",
                "knapsack",
                "packaging",
                "packing",
                "parcel",
                "parcelpacking",
                "shipping"
            ],
            "support": {
                "issues": "https://github.com/dvdoug/BoxPacker/issues",
                "source": "https://github.com/dvdoug/BoxPacker/tree/4.2.0"
            },
            "funding": [
                {
                    "url": "https://github.com/dvdoug",
                    "type": "github"
                }
            ],
            "time": "2026-07-05T18:42:21+00:00"
        },
        {
            "name": "lipseys/apiintegration",
            "version": "1.2.2",
            "source": {
                "type": "git",
                "url": "https://github.com/Lipseys/LipseysApiIntegrationPhp.git",
                "reference": "d650b0355116d44601afdc655f6e393becec9a43"
            },
            "dist": {
                "type": "zip",
                "url": "https://api.github.com/repos/Lipseys/LipseysApiIntegrationPhp/zipball/d650b0355116d44601afdc655f6e393becec9a43",
                "reference": "d650b0355116d44601afdc655f6e393becec9a43",
                "shasum": ""
            },
            "require": {
                "ext-curl": "*",
                "ext-json": "*"
            },
            "type": "library",
            "autoload": {
                "psr-4": {
                    "lipseys\\ApiIntegration\\": "src"
                }
            },
            "notification-url": "https://packagist.org/downloads/",
            "license": [
                "MIT"
            ],
            "authors": [
                {
                    "name": "Lipsey's LLC",
                    "email": "api@lipseys.com"
                }
            ],
            "description": "Lipseys Api Integration",
            "support": {
                "issues": "https://github.com/Lipseys/LipseysApiIntegrationPhp/issues",
                "source": "https://github.com/Lipseys/LipseysApiIntegrationPhp/tree/v1.2.2"
            },
            "time": "2024-12-13T18:34:11+00:00"
        },
        {
            "name": "psr/log",
            "version": "3.0.2",
            "source": {
                "type": "git",
                "url": "https://github.com/php-fig/log.git",
                "reference": "f16e1d5863e37f8d8c2a01719f5b34baa2b714d3"
            },
            "dist": {
                "type": "zip",
                "url": "https://api.github.com/repos/php-fig/log/zipball/f16e1d5863e37f8d8c2a01719f5b34baa2b714d3",
                "reference": "f16e1d5863e37f8d8c2a01719f5b34baa2b714d3",
                "shasum": ""
            },
            "require": {
                "php": ">=8.0.0"
            },
            "type": "library",
            "extra": {
                "branch-alias": {
                    "dev-master": "3.x-dev"
                }
            },
            "autoload": {
                "psr-4": {
                    "Psr\\Log\\": "src"
                }
            },
            "notification-url": "https://packagist.org/downloads/",
            "license": [
                "MIT"
            ],
            "authors": [
                {
                    "name": "PHP-FIG",
                    "homepage": "https://www.php-fig.org/"
                }
            ],
            "description": "Common interface for logging libraries",
            "homepage": "https://github.com/php-fig/log",
            "keywords": [
                "log",
                "psr",
                "psr-3"
            ],
            "support": {
                "source": "https://github.com/php-fig/log/tree/3.0.2"
            },
            "time": "2024-09-11T13:17:53+00:00"
        }
    ],
    "packages-dev": [
        {
            "name": "php-stubs/wordpress-stubs",
            "version": "v6.9.0",
            "source": {
                "type": "git",
                "url": "https://github.com/php-stubs/wordpress-stubs.git",
                "reference": "5171cb6650e6c583a96943fd6ea0dfa3e1089a8a"
            },
            "dist": {
                "type": "zip",
                "url": "https://api.github.com/repos/php-stubs/wordpress-stubs/zipball/5171cb6650e6c583a96943fd6ea0dfa3e1089a8a",
                "reference": "5171cb6650e6c583a96943fd6ea0dfa3e1089a8a",
                "shasum": ""
            },
            "conflict": {
                "phpdocumentor/reflection-docblock": "5.6.1"
            },
            "require-dev": {
                "dealerdirect/phpcodesniffer-composer-installer": "^1.0",
                "nikic/php-parser": "^5.5",
                "php": "^7.4 || ^8.0",
                "php-stubs/generator": "^0.8.3",
                "phpdocumentor/reflection-docblock": "^5.4.1",
                "phpstan/phpstan": "^2.1",
                "phpunit/phpunit": "^9.5",
                "szepeviktor/phpcs-psr-12-neutron-hybrid-ruleset": "^1.1.1",
                "wp-coding-standards/wpcs": "3.1.0 as 2.3.0"
            },
            "suggest": {
                "paragonie/sodium_compat": "Pure PHP implementation of libsodium",
                "symfony/polyfill-php80": "Symfony polyfill backporting some PHP 8.0+ features to lower PHP versions",
                "szepeviktor/phpstan-wordpress": "WordPress extensions for PHPStan"
            },
            "type": "library",
            "notification-url": "https://packagist.org/downloads/",
            "license": [
                "MIT"
            ],
            "description": "WordPress function and class declaration stubs for static analysis.",
            "homepage": "https://github.com/php-stubs/wordpress-stubs",
            "keywords": [
                "PHPStan",
                "static analysis",
                "wordpress"
            ],
            "support": {
                "issues": "https://github.com/php-stubs/wordpress-stubs/issues",
                "source": "https://github.com/php-stubs/wordpress-stubs/tree/v6.9.0"
            },
            "time": "2025-12-03T23:06:24+00:00"
        },
        {
            "name": "php-stubs/wp-cli-stubs",
            "version": "v2.12.0",
            "source": {
                "type": "git",
                "url": "https://github.com/php-stubs/wp-cli-stubs.git",
                "reference": "af16401e299a3fd2229bd0fa9a037638a4174a9d"
            },
            "dist": {
                "type": "zip",
                "url": "https://api.github.com/repos/php-stubs/wp-cli-stubs/zipball/af16401e299a3fd2229bd0fa9a037638a4174a9d",
                "reference": "af16401e299a3fd2229bd0fa9a037638a4174a9d",
                "shasum": ""
            },
            "require": {
                "php-stubs/wordpress-stubs": "^4.7 || ^5.0 || ^6.0"
            },
            "require-dev": {
                "php": "~7.3 || ~8.0",
                "php-stubs/generator": "^0.8.0"
            },
            "suggest": {
                "symfony/polyfill-php73": "Symfony polyfill backporting some PHP 7.3+ features to lower PHP versions",
                "szepeviktor/phpstan-wordpress": "WordPress extensions for PHPStan"
            },
            "type": "library",
            "notification-url": "https://packagist.org/downloads/",
            "license": [
                "MIT"
            ],
            "description": "WP-CLI function and class declaration stubs for static analysis.",
            "homepage": "https://github.com/php-stubs/wp-cli-stubs",
            "keywords": [
                "PHPStan",
                "static analysis",
                "wordpress",
                "wp-cli"
            ],
            "support": {
                "issues": "https://github.com/php-stubs/wp-cli-stubs/issues",
                "source": "https://github.com/php-stubs/wp-cli-stubs/tree/v2.12.0"
            },
            "time": "2025-06-10T09:58:05+00:00"
        }
    ],
    "aliases": [],
    "minimum-stability": "stable",
    "stability-flags": {},
    "prefer-stable": false,
    "prefer-lowest": false,
    "platform": {},
    "platform-dev": {},
    "plugin-api-version": "2.9.0"
}
